
Microsoft Visual Studio Solution File, Format Version 12.00
# Visual Studio 15
VisualStudioVersion = 15.0.27130.2024
MinimumVisualStudioVersion = 10.0.40219.1
Project("{8BC9CEB8-8B4A-11D0-8D11-00A0C91BC942}") = "Comparadores-T3", "Comparadores-T3\Comparadores-T3.vcxproj", "{CD295984-BB17-408C-925B-BDC7771C93EA}"
EndProject
Global
	GlobalSection(SolutionConfigurationPlatforms) = preSolution
		Debug|x64 = Debug|x64
		Debug|x86 = Debug|x86
		Release|x64 = Release|x64
		Release|x86 = Release|x86
	EndGlobalSection
	GlobalSection(ProjectConfigurationPlatforms) = postSolution
		{CD295984-BB17-408C-925B-BDC7771C93EA}.Debug|x64.ActiveCfg = Debug|x64
		{CD295984-BB17-408C-925B-BDC7771C93EA}.Debug|x64.Build.0 = Debug|x64
		{CD295984-BB17-408C-925B-BDC7771C93EA}.Debug|x86.ActiveCfg = Debug|Win32
		{CD295984-BB17-408C-925B-BDC7771C93EA}.Debug|x86.Build.0 = Debug|Win32
		{CD295984-BB17-408C-925B-BDC7771C93EA}.Release|x64.ActiveCfg = Release|x64
		{CD295984-BB17-408C-925B-BDC7771C93EA}.Release|x64.Build.0 = Release|x64
		{CD295984-BB17-408C-925B-BDC7771C93EA}.Release|x86.ActiveCfg = Release|Win32
		{CD295984-BB17-408C-925B-BDC7771C93EA}.Release|x86.Build.0 = Release|Win32
	EndGlobalSection
	GlobalSection(SolutionProperties) = preSolution
		HideSolutionNode = FALSE
	EndGlobalSection
	GlobalSection(ExtensibilityGlobals) = postSolution
		SolutionGuid = {554B8A33-2C47-4483-84EA-33E2E0C00485}
	EndGlobalSection
EndGlobal
